
Microsoft Visual Studio Solution File, Format Version 12.00
# Visual Studio Version 17
VisualStudioVersion = 17.8.34316.72
MinimumVisualStudioVersion = 10.0.40219.1
Project("{FAE04EC0-301F-11D3-BF4B-00C04F79EFBC}") = "BeautyAllure.Forms", "BeautyAllure.Forms\BeautyAllure.Forms.csproj", "{70465EEC-975B-4156-9CB1-56F4A93E17F7}"
EndProject
Global
	GlobalSection(SolutionConfigurationPlatforms) = preSolution
		Debug|Any CPU = Debug|Any CPU
		Release|Any CPU = Release|Any CPU
	EndGlobalSection
	GlobalSection(ProjectConfigurationPlatforms) = postSolution
		{70465EEC-975B-4156-9CB1-56F4A93E17F7}.Debug|Any CPU.ActiveCfg = Debug|Any CPU
		{70465EEC-975B-4156-9CB1-56F4A93E17F7}.Debug|Any CPU.Build.0 = Debug|Any CPU
		{70465EEC-975B-4156-9CB1-56F4A93E17F7}.Release|Any CPU.ActiveCfg = Release|Any CPU
		{70465EEC-975B-4156-9CB1-56F4A93E17F7}.Release|Any CPU.Build.0 = Release|Any CPU
	EndGlobalSection
	GlobalSection(SolutionProperties) = preSolution
		HideSolutionNode = FALSE
	EndGlobalSection
	GlobalSection(ExtensibilityGlobals) = postSolution
		SolutionGuid = {9D032F3D-D437-4D40-A57B-60D5942E1808}
	EndGlobalSection
EndGlobal
